
Microsoft Visual Studio Solution File, Format Version 12.00
# Visual Studio Version 17
VisualStudioVersion = 17.8.34316.72
MinimumVisualStudioVersion = 10.0.40219.1
Project("{FAE04EC0-301F-11D3-BF4B-00C04F79EFBC}") = "01_MainSbjects", "01_MainSbjects\01_MainSbjects.csproj", "{B77AB803-5970-48F5-8A54-05CDA29DCEC4}"
EndProject
Project("{FAE04EC0-301F-11D3-BF4B-00C04F79EFBC}") = "02_Variables", "02_Variables\02_Variables.csproj", "{AFF8869F-CCBE-4E1F-8E17-1814C6C3B995}"
EndProject
Project("{FAE04EC0-301F-11D3-BF4B-00C04F79EFBC}") = "03_MakingDecision", "03_MakingDecision\03_MakingDecision.csproj", "{1B4738A4-E013-4135-BD0B-B0CE508CB48B}"
EndProject
Project("{FAE04EC0-301F-11D3-BF4B-00C04F79EFBC}") = "04_Loops", "04_Loops\04_Loops.csproj", "{35867D07-F908-48E5-A131-E213E78837F2}"
EndProject
Global
	GlobalSection(SolutionConfigurationPlatforms) = preSolution
		Debug|Any CPU = Debug|Any CPU
		Release|Any CPU = Release|Any CPU
	EndGlobalSection
	GlobalSection(ProjectConfigurationPlatforms) = postSolution
		{B77AB803-5970-48F5-8A54-05CDA29DCEC4}.Debug|Any CPU.ActiveCfg = Debug|Any CPU
		{B77AB803-5970-48F5-8A54-05CDA29DCEC4}.Debug|Any CPU.Build.0 = Debug|Any CPU
		{B77AB803-5970-48F5-8A54-05CDA29DCEC4}.Release|Any CPU.ActiveCfg = Release|Any CPU
		{B77AB803-5970-48F5-8A54-05CDA29DCEC4}.Release|Any CPU.Build.0 = Release|Any CPU
		{AFF8869F-CCBE-4E1F-8E17-1814C6C3B995}.Debug|Any CPU.ActiveCfg = Debug|Any CPU
		{AFF8869F-CCBE-4E1F-8E17-1814C6C3B995}.Debug|Any CPU.Build.0 = Debug|Any CPU
		{AFF8869F-CCBE-4E1F-8E17-1814C6C3B995}.Release|Any CPU.ActiveCfg = Release|Any CPU
		{AFF8869F-CCBE-4E1F-8E17-1814C6C3B995}.Release|Any CPU.Build.0 = Release|Any CPU
		{1B4738A4-E013-4135-BD0B-B0CE508CB48B}.Debug|Any CPU.ActiveCfg = Debug|Any CPU
		{1B4738A4-E013-4135-BD0B-B0CE508CB48B}.Debug|Any CPU.Build.0 = Debug|Any CPU
		{1B4738A4-E013-4135-BD0B-B0CE508CB48B}.Release|Any CPU.ActiveCfg = Release|Any CPU
		{1B4738A4-E013-4135-BD0B-B0CE508CB48B}.Release|Any CPU.Build.0 = Release|Any CPU
		{35867D07-F908-48E5-A131-E213E78837F2}.Debug|Any CPU.ActiveCfg = Debug|Any CPU
		{35867D07-F908-48E5-A131-E213E78837F2}.Debug|Any CPU.Build.0 = Debug|Any CPU
		{35867D07-F908-48E5-A131-E213E78837F2}.Release|Any CPU.ActiveCfg = Release|Any CPU
		{35867D07-F908-48E5-A131-E213E78837F2}.Release|Any CPU.Build.0 = Release|Any CPU
	EndGlobalSection
	GlobalSection(SolutionProperties) = preSolution
		HideSolutionNode = FALSE
	EndGlobalSection
	GlobalSection(ExtensibilityGlobals) = postSolution
		SolutionGuid = {3292421C-9D04-42C3-8EE1-8135180286AF}
	EndGlobalSection
EndGlobal
